
Microsoft Visual Studio Solution File, Format Version 12.00
# Visual Studio Version 16
VisualStudioVersion = 16.0.29519.87
MinimumVisualStudioVersion = 10.0.40219.1
Project("{FAE04EC0-301F-11D3-BF4B-00C04F79EFBC}") = "PagesEventsEx.Android", "PagesEventsEx\PagesEventsEx.Android\PagesEventsEx.Android.csproj", "{211CC17C-C11C-4A12-B8B9-B043BD4F6997}"
EndProject
Project("{FAE04EC0-301F-11D3-BF4B-00C04F79EFBC}") = "PagesEventsEx.iOS", "PagesEventsEx\PagesEventsEx.iOS\PagesEventsEx.iOS.csproj", "{99667D91-57E9-483E-B3ED-1B011A990B2B}"
EndProject
Project("{FAE04EC0-301F-11D3-BF4B-00C04F79EFBC}") = "PagesEventsEx", "PagesEventsEx\PagesEventsEx\PagesEventsEx.csproj", "{CF3861AF-096F-490A-9612-D8C74AC027A4}"
EndProject
Global
	GlobalSection(SolutionConfigurationPlatforms) = preSolution
		Debug|Any CPU = Debug|Any CPU
		Debug|iPhone = Debug|iPhone
		Debug|iPhoneSimulator = Debug|iPhoneSimulator
		Release|Any CPU = Release|Any CPU
		Release|iPhone = Release|iPhone
		Release|iPhoneSimulator = Release|iPhoneSimulator
	EndGlobalSection
	GlobalSection(ProjectConfigurationPlatforms) = postSolution
		{211CC17C-C11C-4A12-B8B9-B043BD4F6997}.Debug|Any CPU.ActiveCfg = Debug|Any CPU
		{211CC17C-C11C-4A12-B8B9-B043BD4F6997}.Debug|Any CPU.Build.0 = Debug|Any CPU
		{211CC17C-C11C-4A12-B8B9-B043BD4F6997}.Debug|Any CPU.Deploy.0 = Debug|Any CPU
		{211CC17C-C11C-4A12-B8B9-B043BD4F6997}.Debug|iPhone.ActiveCfg = Debug|Any CPU
		{211CC17C-C11C-4A12-B8B9-B043BD4F6997}.Debug|iPhone.Build.0 = Debug|Any CPU
		{211CC17C-C11C-4A12-B8B9-B043BD4F6997}.Debug|iPhone.Deploy.0 = Debug|Any CPU
		{211CC17C-C11C-4A12-B8B9-B043BD4F6997}.Debug|iPhoneSimulator.ActiveCfg = Debug|Any CPU
		{211CC17C-C11C-4A12-B8B9-B043BD4F6997}.Debug|iPhoneSimulator.Build.0 = Debug|Any CPU
		{211CC17C-C11C-4A12-B8B9-B043BD4F6997}.Debug|iPhoneSimulator.Deploy.0 = Debug|Any CPU
		{211CC17C-C11C-4A12-B8B9-B043BD4F6997}.Release|Any CPU.ActiveCfg = Release|Any CPU
		{211CC17C-C11C-4A12-B8B9-B043BD4F6997}.Release|Any CPU.Build.0 = Release|Any CPU
		{211CC17C-C11C-4A12-B8B9-B043BD4F6997}.Release|Any CPU.Deploy.0 = Release|Any CPU
		{211CC17C-C11C-4A12-B8B9-B043BD4F6997}.Release|iPhone.ActiveCfg = Release|Any CPU
		{211CC17C-C11C-4A12-B8B9-B043BD4F6997}.Release|iPhone.Build.0 = Release|Any CPU
		{211CC17C-C11C-4A12-B8B9-B043BD4F6997}.Release|iPhone.Deploy.0 = Release|Any CPU
		{211CC17C-C11C-4A12-B8B9-B043BD4F6997}.Release|iPhoneSimulator.ActiveCfg = Release|Any CPU
		{211CC17C-C11C-4A12-B8B9-B043BD4F6997}.Release|iPhoneSimulator.Build.0 = Release|Any CPU
		{211CC17C-C11C-4A12-B8B9-B043BD4F6997}.Release|iPhoneSimulator.Deploy.0 = Release|Any CPU
		{99667D91-57E9-483E-B3ED-1B011A990B2B}.Debug|Any CPU.ActiveCfg = Debug|iPhoneSimulator
		{99667D91-57E9-483E-B3ED-1B011A990B2B}.Debug|Any CPU.Build.0 = Debug|iPhoneSimulator
		{99667D91-57E9-483E-B3ED-1B011A990B2B}.Debug|Any CPU.Deploy.0 = Debug|iPhoneSimulator
		{99667D91-57E9-483E-B3ED-1B011A990B2B}.Debug|iPhone.ActiveCfg = Debug|iPhone
		{99667D91-57E9-483E-B3ED-1B011A990B2B}.Debug|iPhone.Build.0 = Debug|iPhone
		{99667D91-57E9-483E-B3ED-1B011A990B2B}.Debug|iPhone.Deploy.0 = Debug|iPhone
		{99667D91-57E9-483E-B3ED-1B011A990B2B}.Debug|iPhoneSimulator.ActiveCfg = Debug|iPhoneSimulator
		{99667D91-57E9-483E-B3ED-1B011A990B2B}.Debug|iPhoneSimulator.Build.0 = Debug|iPhoneSimulator
		{99667D91-57E9-483E-B3ED-1B011A990B2B}.Debug|iPhoneSimulator.Deploy.0 = Debug|iPhoneSimulator
		{99667D91-57E9-483E-B3ED-1B011A990B2B}.Release|Any CPU.ActiveCfg = Release|iPhone
		{99667D91-57E9-483E-B3ED-1B011A990B2B}.Release|Any CPU.Build.0 = Release|iPhone
		{99667D91-57E9-483E-B3ED-1B011A990B2B}.Release|Any CPU.Deploy.0 = Release|iPhone
		{99667D91-57E9-483E-B3ED-1B011A990B2B}.Release|iPhone.ActiveCfg = Release|iPhone
		{99667D91-57E9-483E-B3ED-1B011A990B2B}.Release|iPhone.Build.0 = Release|iPhone
		{99667D91-57E9-483E-B3ED-1B011A990B2B}.Release|iPhone.Deploy.0 = Release|iPhone
		{99667D91-57E9-483E-B3ED-1B011A990B2B}.Release|iPhoneSimulator.ActiveCfg = Release|iPhoneSimulator
		{99667D91-57E9-483E-B3ED-1B011A990B2B}.Release|iPhoneSimulator.Build.0 = Release|iPhoneSimulator
		{99667D91-57E9-483E-B3ED-1B011A990B2B}.Release|iPhoneSimulator.Deploy.0 = Release|iPhoneSimulator
		{CF3861AF-096F-490A-9612-D8C74AC027A4}.Debug|Any CPU.ActiveCfg = Debug|Any CPU
		{CF3861AF-096F-490A-9612-D8C74AC027A4}.Debug|Any CPU.Build.0 = Debug|Any CPU
		{CF3861AF-096F-490A-9612-D8C74AC027A4}.Debug|Any CPU.Deploy.0 = Debug|Any CPU
		{CF3861AF-096F-490A-9612-D8C74AC027A4}.Debug|iPhone.ActiveCfg = Debug|Any CPU
		{CF3861AF-096F-490A-9612-D8C74AC027A4}.Debug|iPhone.Build.0 = Debug|Any CPU
		{CF3861AF-096F-490A-9612-D8C74AC027A4}.Debug|iPhone.Deploy.0 = Debug|Any CPU
		{CF3861AF-096F-490A-9612-D8C74AC027A4}.Debug|iPhoneSimulator.ActiveCfg = Debug|Any CPU
		{CF3861AF-096F-490A-9612-D8C74AC027A4}.Debug|iPhoneSimulator.Build.0 = Debug|Any CPU
		{CF3861AF-096F-490A-9612-D8C74AC027A4}.Debug|iPhoneSimulator.Deploy.0 = Debug|Any CPU
		{CF3861AF-096F-490A-9612-D8C74AC027A4}.Release|Any CPU.ActiveCfg = Release|Any CPU
		{CF3861AF-096F-490A-9612-D8C74AC027A4}.Release|Any CPU.Build.0 = Release|Any CPU
		{CF3861AF-096F-490A-9612-D8C74AC027A4}.Release|Any CPU.Deploy.0 = Release|Any CPU
		{CF3861AF-096F-490A-9612-D8C74AC027A4}.Release|iPhone.ActiveCfg = Release|Any CPU
		{CF3861AF-096F-490A-9612-D8C74AC027A4}.Release|iPhone.Build.0 = Release|Any CPU
		{CF3861AF-096F-490A-9612-D8C74AC027A4}.Release|iPhone.Deploy.0 = Release|Any CPU
		{CF3861AF-096F-490A-9612-D8C74AC027A4}.Release|iPhoneSimulator.ActiveCfg = Release|Any CPU
		{CF3861AF-096F-490A-9612-D8C74AC027A4}.Release|iPhoneSimulator.Build.0 = Release|Any CPU
		{CF3861AF-096F-490A-9612-D8C74AC027A4}.Release|iPhoneSimulator.Deploy.0 = Release|Any CPU
	EndGlobalSection
	GlobalSection(SolutionProperties) = preSolution
		HideSolutionNode = FALSE
	EndGlobalSection
	GlobalSection(ExtensibilityGlobals) = postSolution
		SolutionGuid = {FD4046CF-4116-4E44-9AF7-DD6275E9804C}
	EndGlobalSection
EndGlobal
